// !$*UTF8*$!
{
	archiveVersion = 1;
	classes = {
	};
	objectVersion = 46;
	objects = {

/* Begin PBXBuildFile section */
		9D20AB941D87D9AF002D568F /* AppDelegate.swift in Sources */ = {isa = PBXBuildFile; fileRef = 9D20AB931D87D9AF002D568F /* AppDelegate.swift */; };
		9D20AB991D87D9AF002D568F /* Main.storyboard in Resources */ = {isa = PBXBuildFile; fileRef = 9D20AB971D87D9AF002D568F /* Main.storyboard */; };
		9D20AB9B1D87D9AF002D568F /* Assets.xcassets in Resources */ = {isa = PBXBuildFile; fileRef = 9D20AB9A1D87D9AF002D568F /* Assets.xcassets */; };
		9D20AB9E1D87D9AF002D568F /* LaunchScreen.storyboard in Resources */ = {isa = PBXBuildFile; fileRef = 9D20AB9C1D87D9AF002D568F /* LaunchScreen.storyboard */; };
		9D20ABA91D87D9AF002D568F /* LioniqDemoTestTests.swift in Sources */ = {isa = PBXBuildFile; fileRef = 9D20ABA81D87D9AF002D568F /* LioniqDemoTestTests.swift */; };
		9D20ABB41D87D9AF002D568F /* LioniqDemoTestUITests.swift in Sources */ = {isa = PBXBuildFile; fileRef = 9D20ABB31D87D9AF002D568F /* LioniqDemoTestUITests.swift */; };
		9D20ABC21D87E3B9002D568F /* ShoppingCartViewController.swift in Sources */ = {isa = PBXBuildFile; fileRef = 9D20ABC11D87E3B9002D568F /* ShoppingCartViewController.swift */; };
		9D20ABC41D87E3CD002D568F /* ShopViewController.swift in Sources */ = {isa = PBXBuildFile; fileRef = 9D20ABC31D87E3CD002D568F /* ShopViewController.swift */; };
		9DE65F2A1D9A6581003B3F26 /* Shop.storyboard in Resources */ = {isa = PBXBuildFile; fileRef = 9DE65F291D9A6581003B3F26 /* Shop.storyboard */; };
		9DE65F2C1D9A65D0003B3F26 /* ShoppingCart.storyboard in Resources */ = {isa = PBXBuildFile; fileRef = 9DE65F2B1D9A65D0003B3F26 /* ShoppingCart.storyboard */; };
		9DE65F2E1D9A66A0003B3F26 /* MainViewController.swift in Sources */ = {isa = PBXBuildFile; fileRef = 9DE65F2D1D9A66A0003B3F26 /* MainViewController.swift */; };
		9DE65F6F1D9A6FE9003B3F26 /* LioniqFrameWork.framework in Frameworks */ = {isa = PBXBuildFile; fileRef = 9D379F7A1D8FCA190088A25F /* LioniqFrameWork.framework */; };
		9DE65F701D9A6FE9003B3F26 /* LioniqFrameWork.framework in Embed Frameworks */ = {isa = PBXBuildFile; fileRef = 9D379F7A1D8FCA190088A25F /* LioniqFrameWork.framework */; settings = {ATTRIBUTES = (CodeSignOnCopy, RemoveHeadersOnCopy, ); }; };
/* End PBXBuildFile section */

/* Begin PBXContainerItemProxy section */
		9D20ABA51D87D9AF002D568F /* PBXContainerItemProxy */ = {
			isa = PBXContainerItemProxy;
			containerPortal = 9D20AB881D87D9AF002D568F /* Project object */;
			proxyType = 1;
			remoteGlobalIDString = 9D20AB8F1D87D9AF002D568F;
			remoteInfo = LioniqDemoTest;
		};
		9D20ABB01D87D9AF002D568F /* PBXContainerItemProxy */ = {
			isa = PBXContainerItemProxy;
			containerPortal = 9D20AB881D87D9AF002D568F /* Project object */;
			proxyType = 1;
			remoteGlobalIDString = 9D20AB8F1D87D9AF002D568F;
			remoteInfo = LioniqDemoTest;
		};
/* End PBXContainerItemProxy section */

/* Begin PBXCopyFilesBuildPhase section */
		9D4914181D8F8B30001E8195 /* CopyFiles */ = {
			isa = PBXCopyFilesBuildPhase;
			buildActionMask = 2147483647;
			dstPath = "";
			dstSubfolderSpec = 7;
			files = (
			);
			runOnlyForDeploymentPostprocessing = 0;
		};
		9DE65F711D9A6FE9003B3F26 /* Embed Frameworks */ = {
			isa = PBXCopyFilesBuildPhase;
			buildActionMask = 2147483647;
			dstPath = "";
			dstSubfolderSpec = 10;
			files = (
				9DE65F701D9A6FE9003B3F26 /* LioniqFrameWork.framework in Embed Frameworks */,
			);
			name = "Embed Frameworks";
			runOnlyForDeploymentPostprocessing = 0;
		};
/* End PBXCopyFilesBuildPhase section */

/* Begin PBXFileReference section */
		9D20AB901D87D9AF002D568F /* LioniqDemoTest.app */ = {isa = PBXFileReference; explicitFileType = wrapper.application; includeInIndex = 0; path = LioniqDemoTest.app; sourceTree = BUILT_PRODUCTS_DIR; };
		9D20AB931D87D9AF002D568F /* AppDelegate.swift */ = {isa = PBXFileReference; lastKnownFileType = sourcecode.swift; path = AppDelegate.swift; sourceTree = "<group>"; };
		9D20AB981D87D9AF002D568F /* Base */ = {isa = PBXFileReference; lastKnownFileType = file.storyboard; name = Base; path = Base.lproj/Main.storyboard; sourceTree = "<group>"; };
		9D20AB9A1D87D9AF002D568F /* Assets.xcassets */ = {isa = PBXFileReference; lastKnownFileType = folder.assetcatalog; path = Assets.xcassets; sourceTree = "<group>"; };
		9D20AB9D1D87D9AF002D568F /* Base */ = {isa = PBXFileReference; lastKnownFileType = file.storyboard; name = Base; path = Base.lproj/LaunchScreen.storyboard; sourceTree = "<group>"; };
		9D20AB9F1D87D9AF002D568F /* Info.plist */ = {isa = PBXFileReference; lastKnownFileType = text.plist.xml; path = Info.plist; sourceTree = "<group>"; };
		9D20ABA41D87D9AF002D568F /* LioniqDemoTestTests.xctest */ = {isa = PBXFileReference; explicitFileType = wrapper.cfbundle; includeInIndex = 0; path = LioniqDemoTestTests.xctest; sourceTree = BUILT_PRODUCTS_DIR; };
		9D20ABA81D87D9AF002D568F /* LioniqDemoTestTests.swift */ = {isa = PBXFileReference; lastKnownFileType = sourcecode.swift; path = LioniqDemoTestTests.swift; sourceTree = "<group>"; };
		9D20ABAA1D87D9AF002D568F /* Info.plist */ = {isa = PBXFileReference; lastKnownFileType = text.plist.xml; path = Info.plist; sourceTree = "<group>"; };
		9D20ABAF1D87D9AF002D568F /* LioniqDemoTestUITests.xctest */ = {isa = PBXFileReference; explicitFileType = wrapper.cfbundle; includeInIndex = 0; path = LioniqDemoTestUITests.xctest; sourceTree = BUILT_PRODUCTS_DIR; };
		9D20ABB31D87D9AF002D568F /* LioniqDemoTestUITests.swift */ = {isa = PBXFileReference; lastKnownFileType = sourcecode.swift; path = LioniqDemoTestUITests.swift; sourceTree = "<group>"; };
		9D20ABB51D87D9AF002D568F /* Info.plist */ = {isa = PBXFileReference; lastKnownFileType = text.plist.xml; path = Info.plist; sourceTree = "<group>"; };
		9D20ABC11D87E3B9002D568F /* ShoppingCartViewController.swift */ = {isa = PBXFileReference; fileEncoding = 4; lastKnownFileType = sourcecode.swift; path = ShoppingCartViewController.swift; sourceTree = "<group>"; };
		9D20ABC31D87E3CD002D568F /* ShopViewController.swift */ = {isa = PBXFileReference; fileEncoding = 4; lastKnownFileType = sourcecode.swift; path = ShopViewController.swift; sourceTree = "<group>"; };
		9D379F7A1D8FCA190088A25F /* LioniqFrameWork.framework */ = {isa = PBXFileReference; lastKnownFileType = wrapper.framework; path = LioniqFrameWork.framework; sourceTree = "<group>"; };
		9DE65F291D9A6581003B3F26 /* Shop.storyboard */ = {isa = PBXFileReference; fileEncoding = 4; lastKnownFileType = file.storyboard; path = Shop.storyboard; sourceTree = "<group>"; };
		9DE65F2B1D9A65D0003B3F26 /* ShoppingCart.storyboard */ = {isa = PBXFileReference; fileEncoding = 4; lastKnownFileType = file.storyboard; path = ShoppingCart.storyboard; sourceTree = "<group>"; };
		9DE65F2D1D9A66A0003B3F26 /* MainViewController.swift */ = {isa = PBXFileReference; fileEncoding = 4; lastKnownFileType = sourcecode.swift; path = MainViewController.swift; sourceTree = "<group>"; };
/* End PBXFileReference section */

/* Begin PBXFrameworksBuildPhase section */
		9D20AB8D1D87D9AF002D568F /* Frameworks */ = {
			isa = PBXFrameworksBuildPhase;
			buildActionMask = 2147483647;
			files = (
				9DE65F6F1D9A6FE9003B3F26 /* LioniqFrameWork.framework in Frameworks */,
			);
			runOnlyForDeploymentPostprocessing = 0;
		};
		9D20ABA11D87D9AF002D568F /* Frameworks */ = {
			isa = PBXFrameworksBuildPhase;
			buildActionMask = 2147483647;
			files = (
			);
			runOnlyForDeploymentPostprocessing = 0;
		};
		9D20ABAC1D87D9AF002D568F /* Frameworks */ = {
			isa = PBXFrameworksBuildPhase;
			buildActionMask = 2147483647;
			files = (
			);
			runOnlyForDeploymentPostprocessing = 0;
		};
/* End PBXFrameworksBuildPhase section */

/* Begin PBXGroup section */
		9D20AB871D87D9AF002D568F = {
			isa = PBXGroup;
			children = (
				9D379F7A1D8FCA190088A25F /* LioniqFrameWork.framework */,
				9D20AB921D87D9AF002D568F /* LioniqDemoTest */,
				9D20ABA71D87D9AF002D568F /* LioniqDemoTestTests */,
				9D20ABB21D87D9AF002D568F /* LioniqDemoTestUITests */,
				9D20AB911D87D9AF002D568F /* Products */,
			);
			sourceTree = "<group>";
		};
		9D20AB911D87D9AF002D568F /* Products */ = {
			isa = PBXGroup;
			children = (
				9D20AB901D87D9AF002D568F /* LioniqDemoTest.app */,
				9D20ABA41D87D9AF002D568F /* LioniqDemoTestTests.xctest */,
				9D20ABAF1D87D9AF002D568F /* LioniqDemoTestUITests.xctest */,
			);
			name = Products;
			sourceTree = "<group>";
		};
		9D20AB921D87D9AF002D568F /* LioniqDemoTest */ = {
			isa = PBXGroup;
			children = (
				9D20AB931D87D9AF002D568F /* AppDelegate.swift */,
				9DE65F291D9A6581003B3F26 /* Shop.storyboard */,
				9D20ABC31D87E3CD002D568F /* ShopViewController.swift */,
				9DE65F2B1D9A65D0003B3F26 /* ShoppingCart.storyboard */,
				9D20ABC11D87E3B9002D568F /* ShoppingCartViewController.swift */,
				9D20AB971D87D9AF002D568F /* Main.storyboard */,
				9DE65F2D1D9A66A0003B3F26 /* MainViewController.swift */,
				9D20AB9A1D87D9AF002D568F /* Assets.xcassets */,
				9D20AB9C1D87D9AF002D568F /* LaunchScreen.storyboard */,
				9D20AB9F1D87D9AF002D568F /* Info.plist */,
			);
			path = LioniqDemoTest;
			sourceTree = "<group>";
		};
		9D20ABA71D87D9AF002D568F /* LioniqDemoTestTests */ = {
			isa = PBXGroup;
			children = (
				9D20ABA81D87D9AF002D568F /* LioniqDemoTestTests.swift */,
				9D20ABAA1D87D9AF002D568F /* Info.plist */,
			);
			path = LioniqDemoTestTests;
			sourceTree = "<group>";
		};
		9D20ABB21D87D9AF002D568F /* LioniqDemoTestUITests */ = {
			isa = PBXGroup;
			children = (
				9D20ABB31D87D9AF002D568F /* LioniqDemoTestUITests.swift */,
				9D20ABB51D87D9AF002D568F /* Info.plist */,
			);
			path = LioniqDemoTestUITests;
			sourceTree = "<group>";
		};
/* End PBXGroup section */

/* Begin PBXNativeTarget section */
		9D20AB8F1D87D9AF002D568F /* LioniqDemoTest */ = {
			isa = PBXNativeTarget;
			buildConfigurationList = 9D20ABB81D87D9AF002D568F /* Build configuration list for PBXNativeTarget "LioniqDemoTest" */;
			buildPhases = (
				9D20AB8C1D87D9AF002D568F /* Sources */,
				9D20AB8D1D87D9AF002D568F /* Frameworks */,
				9D20AB8E1D87D9AF002D568F /* Resources */,
				9D4914181D8F8B30001E8195 /* CopyFiles */,
				9DE65F711D9A6FE9003B3F26 /* Embed Frameworks */,
			);
			buildRules = (
			);
			dependencies = (
			);
			name = LioniqDemoTest;
			productName = LioniqDemoTest;
			productReference = 9D20AB901D87D9AF002D568F /* LioniqDemoTest.app */;
			productType = "com.apple.product-type.application";
		};
		9D20ABA31D87D9AF002D568F /* LioniqDemoTestTests */ = {
			isa = PBXNativeTarget;
			buildConfigurationList = 9D20ABBB1D87D9AF002D568F /* Build configuration list for PBXNativeTarget "LioniqDemoTestTests" */;
			buildPhases = (
				9D20ABA01D87D9AF002D568F /* Sources */,
				9D20ABA11D87D9AF002D568F /* Frameworks */,
				9D20ABA21D87D9AF002D568F /* Resources */,
			);
			buildRules = (
			);
			dependencies = (
				9D20ABA61D87D9AF002D568F /* PBXTargetDependency */,
			);
			name = LioniqDemoTestTests;
			productName = LioniqDemoTestTests;
			productReference = 9D20ABA41D87D9AF002D568F /* LioniqDemoTestTests.xctest */;
			productType = "com.apple.product-type.bundle.unit-test";
		};
		9D20ABAE1D87D9AF002D568F /* LioniqDemoTestUITests */ = {
			isa = PBXNativeTarget;
			buildConfigurationList = 9D20ABBE1D87D9AF002D568F /* Build configuration list for PBXNativeTarget "LioniqDemoTestUITests" */;
			buildPhases = (
				9D20ABAB1D87D9AF002D568F /* Sources */,
				9D20ABAC1D87D9AF002D568F /* Frameworks */,
				9D20ABAD1D87D9AF002D568F /* Resources */,
			);
			buildRules = (
			);
			dependencies = (
				9D20ABB11D87D9AF002D568F /* PBXTargetDependency */,
			);
			name = LioniqDemoTestUITests;
			productName = LioniqDemoTestUITests;
			productReference = 9D20ABAF1D87D9AF002D568F /* LioniqDemoTestUITests.xctest */;
			productType = "com.apple.product-type.bundle.ui-testing";
		};
/* End PBXNativeTarget section */

/* Begin PBXProject section */
		9D20AB881D87D9AF002D568F /* Project object */ = {
			isa = PBXProject;
			attributes = {
				LastSwiftUpdateCheck = 0730;
				LastUpgradeCheck = 0730;
				ORGANIZATIONNAME = OTT;
				TargetAttributes = {
					9D20AB8F1D87D9AF002D568F = {
						CreatedOnToolsVersion = 7.3.1;
						DevelopmentTeam = ZUHYDF6KZU;
						LastSwiftMigration = 0800;
					};
					9D20ABA31D87D9AF002D568F = {
						CreatedOnToolsVersion = 7.3.1;
						DevelopmentTeam = ZUHYDF6KZU;
						LastSwiftMigration = 0800;
						TestTargetID = 9D20AB8F1D87D9AF002D568F;
					};
					9D20ABAE1D87D9AF002D568F = {
						CreatedOnToolsVersion = 7.3.1;
						DevelopmentTeam = ZUHYDF6KZU;
						LastSwiftMigration = 0800;
						TestTargetID = 9D20AB8F1D87D9AF002D568F;
					};
				};
			};
			buildConfigurationList = 9D20AB8B1D87D9AF002D568F /* Build configuration list for PBXProject "LioniqDemoTest" */;
			compatibilityVersion = "Xcode 3.2";
			developmentRegion = English;
			hasScannedForEncodings = 0;
			knownRegions = (
				en,
				Base,
			);
			mainGroup = 9D20AB871D87D9AF002D568F;
			productRefGroup = 9D20AB911D87D9AF002D568F /* Products */;
			projectDirPath = "";
			projectRoot = "";
			targets = (
				9D20AB8F1D87D9AF002D568F /* LioniqDemoTest */,
				9D20ABA31D87D9AF002D568F /* LioniqDemoTestTests */,
				9D20ABAE1D87D9AF002D568F /* LioniqDemoTestUITests */,
			);
		};
/* End PBXProject section */

/* Begin PBXResourcesBuildPhase section */
		9D20AB8E1D87D9AF002D568F /* Resources */ = {
			isa = PBXResourcesBuildPhase;
			buildActionMask = 2147483647;
			files = (
				9DE65F2A1D9A6581003B3F26 /* Shop.storyboard in Resources */,
				9D20AB9E1D87D9AF002D568F /* LaunchScreen.storyboard in Resources */,
				9D20AB9B1D87D9AF002D568F /* Assets.xcassets in Resources */,
				9DE65F2C1D9A65D0003B3F26 /* ShoppingCart.storyboard in Resources */,
				9D20AB991D87D9AF002D568F /* Main.storyboard in Resources */,
			);
			runOnlyForDeploymentPostprocessing = 0;
		};
		9D20ABA21D87D9AF002D568F /* Resources */ = {
			isa = PBXResourcesBuildPhase;
			buildActionMask = 2147483647;
			files = (
			);
			runOnlyForDeploymentPostprocessing = 0;
		};
		9D20ABAD1D87D9AF002D568F /* Resources */ = {
			isa = PBXResourcesBuildPhase;
			buildActionMask = 2147483647;
			files = (
			);
			runOnlyForDeploymentPostprocessing = 0;
		};
/* End PBXResourcesBuildPhase section */

/* Begin PBXSourcesBuildPhase section */
		9D20AB8C1D87D9AF002D568F /* Sources */ = {
			isa = PBXSourcesBuildPhase;
			buildActionMask = 2147483647;
			files = (
				9D20AB941D87D9AF002D568F /* AppDelegate.swift in Sources */,
				9D20ABC21D87E3B9002D568F /* ShoppingCartViewController.swift in Sources */,
				9D20ABC41D87E3CD002D568F /* ShopViewController.swift in Sources */,
				9DE65F2E1D9A66A0003B3F26 /* MainViewController.swift in Sources */,
			);
			runOnlyForDeploymentPostprocessing = 0;
		};
		9D20ABA01D87D9AF002D568F /* Sources */ = {
			isa = PBXSourcesBuildPhase;
			buildActionMask = 2147483647;
			files = (
				9D20ABA91D87D9AF002D568F /* LioniqDemoTestTests.swift in Sources */,
			);
			runOnlyForDeploymentPostprocessing = 0;
		};
		9D20ABAB1D87D9AF002D568F /* Sources */ = {
			isa = PBXSourcesBuildPhase;
			buildActionMask = 2147483647;
			files = (
				9D20ABB41D87D9AF002D568F /* LioniqDemoTestUITests.swift in Sources */,
			);
			runOnlyForDeploymentPostprocessing = 0;
		};
/* End PBXSourcesBuildPhase section */

/* Begin PBXTargetDependency section */
		9D20ABA61D87D9AF002D568F /* PBXTargetDependency */ = {
			isa = PBXTargetDependency;
			target = 9D20AB8F1D87D9AF002D568F /* LioniqDemoTest */;
			targetProxy = 9D20ABA51D87D9AF002D568F /* PBXContainerItemProxy */;
		};
		9D20ABB11D87D9AF002D568F /* PBXTargetDependency */ = {
			isa = PBXTargetDependency;
			target = 9D20AB8F1D87D9AF002D568F /* LioniqDemoTest */;
			targetProxy = 9D20ABB01D87D9AF002D568F /* PBXContainerItemProxy */;
		};
/* End PBXTargetDependency section */

/* Begin PBXVariantGroup section */
		9D20AB971D87D9AF002D568F /* Main.storyboard */ = {
			isa = PBXVariantGroup;
			children = (
				9D20AB981D87D9AF002D568F /* Base */,
			);
			name = Main.storyboard;
			sourceTree = "<group>";
		};
		9D20AB9C1D87D9AF002D568F /* LaunchScreen.storyboard */ = {
			isa = PBXVariantGroup;
			children = (
				9D20AB9D1D87D9AF002D568F /* Base */,
			);
			name = LaunchScreen.storyboard;
			sourceTree = "<group>";
		};
/* End PBXVariantGroup section */

/* Begin XCBuildConfiguration section */
		9D20ABB61D87D9AF002D568F /* Debug */ = {
			isa = XCBuildConfiguration;
			buildSettings = {
				ALWAYS_SEARCH_USER_PATHS = NO;
				CLANG_ANALYZER_NONNULL = YES;
				CLANG_CXX_LANGUAGE_STANDARD = "gnu++0x";
				CLANG_CXX_LIBRARY = "libc++";
				CLANG_ENABLE_MODULES = YES;
				CLANG_ENABLE_OBJC_ARC = YES;
				CLANG_WARN_BOOL_CONVERSION = YES;
				CLANG_WARN_CONSTANT_CONVERSION = YES;
				CLANG_WARN_DIRECT_OBJC_ISA_USAGE = YES_ERROR;
				CLANG_WARN_EMPTY_BODY = YES;
				CLANG_WARN_ENUM_CONVERSION = YES;
				CLANG_WARN_INT_CONVERSION = YES;
				CLANG_WARN_OBJC_ROOT_CLASS = YES_ERROR;
				CLANG_WARN_UNREACHABLE_CODE = YES;
				CLANG_WARN__DUPLICATE_METHOD_MATCH = YES;
				"CODE_SIGN_IDENTITY[sdk=iphoneos*]" = "iPhone Developer";
				COPY_PHASE_STRIP = NO;
				DEBUG_INFORMATION_FORMAT = dwarf;
				ENABLE_STRICT_OBJC_MSGSEND = YES;
				ENABLE_TESTABILITY = YES;
				GCC_C_LANGUAGE_STANDARD = gnu99;
				GCC_DYNAMIC_NO_PIC = NO;
				GCC_NO_COMMON_BLOCKS = YES;
				GCC_OPTIMIZATION_LEVEL = 0;
				GCC_PREPROCESSOR_DEFINITIONS = (
					"DEBUG=1",
					"$(inherited)",
				);
				GCC_WARN_64_TO_32_BIT_CONVERSION = YES;
				GCC_WARN_ABOUT_RETURN_TYPE = YES_ERROR;
				GCC_WARN_UNDECLARED_SELECTOR = YES;
				GCC_WARN_UNINITIALIZED_AUTOS = YES_AGGRESSIVE;
				GCC_WARN_UNUSED_FUNCTION = YES;
				GCC_WARN_UNUSED_VARIABLE = YES;
				IPHONEOS_DEPLOYMENT_TARGET = 9.3;
				MTL_ENABLE_DEBUG_INFO = YES;
				ONLY_ACTIVE_ARCH = YES;
				SDKROOT = iphoneos;
				SWIFT_OPTIMIZATION_LEVEL = "-Onone";
				TARGETED_DEVICE_FAMILY = "1,2";
			};
			name = Debug;
		};
		9D20ABB71D87D9AF002D568F /* Release */ = {
			isa = XCBuildConfiguration;
			buildSettings = {
				ALWAYS_SEARCH_USER_PATHS = NO;
				CLANG_ANALYZER_NONNULL = YES;
				CLANG_CXX_LANGUAGE_STANDARD = "gnu++0x";
				CLANG_CXX_LIBRARY = "libc++";
				CLANG_ENABLE_MODULES = YES;
				CLANG_ENABLE_OBJC_ARC = YES;
				CLANG_WARN_BOOL_CONVERSION = YES;
				CLANG_WARN_CONSTANT_CONVERSION = YES;
				CLANG_WARN_DIRECT_OBJC_ISA_USAGE = YES_ERROR;
				CLANG_WARN_EMPTY_BODY = YES;
				CLANG_WARN_ENUM_CONVERSION = YES;
				CLANG_WARN_INT_CONVERSION = YES;
				CLANG_WARN_OBJC_ROOT_CLASS = YES_ERROR;
				CLANG_WARN_UNREACHABLE_CODE = YES;
				CLANG_WARN__DUPLICATE_METHOD_MATCH = YES;
				"CODE_SIGN_IDENTITY[sdk=iphoneos*]" = "iPhone Developer";
				COPY_PHASE_STRIP = NO;
				DEBUG_INFORMATION_FORMAT = "dwarf-with-dsym";
				ENABLE_NS_ASSERTIONS = NO;
				ENABLE_STRICT_OBJC_MSGSEND = YES;
				GCC_C_LANGUAGE_STANDARD = gnu99;
				GCC_NO_COMMON_BLOCKS = YES;
				GCC_WARN_64_TO_32_BIT_CONVERSION = YES;
				GCC_WARN_ABOUT_RETURN_TYPE = YES_ERROR;
				GCC_WARN_UNDECLARED_SELECTOR = YES;
				GCC_WARN_UNINITIALIZED_AUTOS = YES_AGGRESSIVE;
				GCC_WARN_UNUSED_FUNCTION = YES;
				GCC_WARN_UNUSED_VARIABLE = YES;
				IPHONEOS_DEPLOYMENT_TARGET = 9.3;
				MTL_ENABLE_DEBUG_INFO = NO;
				SDKROOT = iphoneos;
				TARGETED_DEVICE_FAMILY = "1,2";
				VALIDATE_PRODUCT = YES;
			};
			name = Release;
		};
		9D20ABB91D87D9AF002D568F /* Debug */ = {
			isa = XCBuildConfiguration;
			buildSettings = {
				ASSETCATALOG_COMPILER_APPICON_NAME = AppIcon;
				FRAMEWORK_SEARCH_PATHS = (
					"$(inherited)",
					"$(PROJECT_DIR)/LioniqDemoTest",
					"$(PROJECT_DIR)",
					"$(PROJECT_DIR)/lib",
				);
				INFOPLIST_FILE = LioniqDemoTest/Info.plist;
				LD_RUNPATH_SEARCH_PATHS = "$(inherited) @executable_path/Frameworks";
				PRODUCT_BUNDLE_IDENTIFIER = com.onthetall.LioniqDemoTest;
				PRODUCT_NAME = "$(TARGET_NAME)";
				SWIFT_VERSION = 2.3;
			};
			name = Debug;
		};
		9D20ABBA1D87D9AF002D568F /* Release */ = {
			isa = XCBuildConfiguration;
			buildSettings = {
				ASSETCATALOG_COMPILER_APPICON_NAME = AppIcon;
				FRAMEWORK_SEARCH_PATHS = (
					"$(inherited)",
					"$(PROJECT_DIR)/LioniqDemoTest",
					"$(PROJECT_DIR)",
					"$(PROJECT_DIR)/lib",
				);
				INFOPLIST_FILE = LioniqDemoTest/Info.plist;
				LD_RUNPATH_SEARCH_PATHS = "$(inherited) @executable_path/Frameworks";
				PRODUCT_BUNDLE_IDENTIFIER = com.onthetall.LioniqDemoTest;
				PRODUCT_NAME = "$(TARGET_NAME)";
				SWIFT_VERSION = 2.3;
			};
			name = Release;
		};
		9D20ABBC1D87D9AF002D568F /* Debug */ = {
			isa = XCBuildConfiguration;
			buildSettings = {
				BUNDLE_LOADER = "$(TEST_HOST)";
				INFOPLIST_FILE = LioniqDemoTestTests/Info.plist;
				LD_RUNPATH_SEARCH_PATHS = "$(inherited) @executable_path/Frameworks @loader_path/Frameworks";
				PRODUCT_BUNDLE_IDENTIFIER = com.onthetall.LioniqDemoTestTests;
				PRODUCT_NAME = "$(TARGET_NAME)";
				SWIFT_VERSION = 2.3;
				TEST_HOST = "$(BUILT_PRODUCTS_DIR)/LioniqDemoTest.app/LioniqDemoTest";
			};
			name = Debug;
		};
		9D20ABBD1D87D9AF002D568F /* Release */ = {
			isa = XCBuildConfiguration;
			buildSettings = {
				BUNDLE_LOADER = "$(TEST_HOST)";
				INFOPLIST_FILE = LioniqDemoTestTests/Info.plist;
				LD_RUNPATH_SEARCH_PATHS = "$(inherited) @executable_path/Frameworks @loader_path/Frameworks";
				PRODUCT_BUNDLE_IDENTIFIER = com.onthetall.LioniqDemoTestTests;
				PRODUCT_NAME = "$(TARGET_NAME)";
				SWIFT_VERSION = 2.3;
				TEST_HOST = "$(BUILT_PRODUCTS_DIR)/LioniqDemoTest.app/LioniqDemoTest";
			};
			name = Release;
		};
		9D20ABBF1D87D9AF002D568F /* Debug */ = {
			isa = XCBuildConfiguration;
			buildSettings = {
				INFOPLIST_FILE = LioniqDemoTestUITests/Info.plist;
				LD_RUNPATH_SEARCH_PATHS = "$(inherited) @executable_path/Frameworks @loader_path/Frameworks";
				PRODUCT_BUNDLE_IDENTIFIER = com.onthetall.LioniqDemoTestUITests;
				PRODUCT_NAME = "$(TARGET_NAME)";
				SWIFT_VERSION = 2.3;
				TEST_TARGET_NAME = LioniqDemoTest;
			};
			name = Debug;
		};
		9D20ABC01D87D9AF002D568F /* Release */ = {
			isa = XCBuildConfiguration;
			buildSettings = {
				INFOPLIST_FILE = LioniqDemoTestUITests/Info.plist;
				LD_RUNPATH_SEARCH_PATHS = "$(inherited) @executable_path/Frameworks @loader_path/Frameworks";
				PRODUCT_BUNDLE_IDENTIFIER = com.onthetall.LioniqDemoTestUITests;
				PRODUCT_NAME = "$(TARGET_NAME)";
				SWIFT_VERSION = 2.3;
				TEST_TARGET_NAME = LioniqDemoTest;
			};
			name = Release;
		};
/* End XCBuildConfiguration section */

/* Begin XCConfigurationList section */
		9D20AB8B1D87D9AF002D568F /* Build configuration list for PBXProject "LioniqDemoTest" */ = {
			isa = XCConfigurationList;
			buildConfigurations = (
				9D20ABB61D87D9AF002D568F /* Debug */,
				9D20ABB71D87D9AF002D568F /* Release */,
			);
			defaultConfigurationIsVisible = 0;
			defaultConfigurationName = Release;
		};
		9D20ABB81D87D9AF002D568F /* Build configuration list for PBXNativeTarget "LioniqDemoTest" */ = {
			isa = XCConfigurationList;
			buildConfigurations = (
				9D20ABB91D87D9AF002D568F /* Debug */,
				9D20ABBA1D87D9AF002D568F /* Release */,
			);
			defaultConfigurationIsVisible = 0;
			defaultConfigurationName = Release;
		};
		9D20ABBB1D87D9AF002D568F /* Build configuration list for PBXNativeTarget "LioniqDemoTestTests" */ = {
			isa = XCConfigurationList;
			buildConfigurations = (
				9D20ABBC1D87D9AF002D568F /* Debug */,
				9D20ABBD1D87D9AF002D568F /* Release */,
			);
			defaultConfigurationIsVisible = 0;
			defaultConfigurationName = Release;
		};
		9D20ABBE1D87D9AF002D568F /* Build configuration list for PBXNativeTarget "LioniqDemoTestUITests" */ = {
			isa = XCConfigurationList;
			buildConfigurations = (
				9D20ABBF1D87D9AF002D568F /* Debug */,
				9D20ABC01D87D9AF002D568F /* Release */,
			);
			defaultConfigurationIsVisible = 0;
			defaultConfigurationName = Release;
		};
/* End XCConfigurationList section */
	};
	rootObject = 9D20AB881D87D9AF002D568F /* Project object */;
}
